
Microsoft Visual Studio Solution File, Format Version 12.00
# Visual Studio Version 16
VisualStudioVersion = 16.0.30114.105
MinimumVisualStudioVersion = 10.0.40219.1
Project("{FAE04EC0-301F-11D3-BF4B-00C04F79EFBC}") = "API", "API\API.csproj", "{C94BDB8F-DB6E-4CE0-A5A3-BB68413F499D}"
EndProject
Project("{FAE04EC0-301F-11D3-BF4B-00C04F79EFBC}") = "Core", "Core\Core.csproj", "{BCF0053C-8B6A-43B6-9E57-6C92A4DB2C3B}"
EndProject
Project("{FAE04EC0-301F-11D3-BF4B-00C04F79EFBC}") = "Infrastructure", "Infrastructure\Infrastructure.csproj", "{59C3CD79-B291-4F05-B844-3801156EB4A1}"
EndProject
Global
	GlobalSection(SolutionConfigurationPlatforms) = preSolution
		Debug|Any CPU = Debug|Any CPU
		Release|Any CPU = Release|Any CPU
	EndGlobalSection
	GlobalSection(SolutionProperties) = preSolution
		HideSolutionNode = FALSE
	EndGlobalSection
	GlobalSection(ProjectConfigurationPlatforms) = postSolution
		{C94BDB8F-DB6E-4CE0-A5A3-BB68413F499D}.Debug|Any CPU.ActiveCfg = Debug|Any CPU
		{C94BDB8F-DB6E-4CE0-A5A3-BB68413F499D}.Debug|Any CPU.Build.0 = Debug|Any CPU
		{C94BDB8F-DB6E-4CE0-A5A3-BB68413F499D}.Release|Any CPU.ActiveCfg = Release|Any CPU
		{C94BDB8F-DB6E-4CE0-A5A3-BB68413F499D}.Release|Any CPU.Build.0 = Release|Any CPU
		{BCF0053C-8B6A-43B6-9E57-6C92A4DB2C3B}.Debug|Any CPU.ActiveCfg = Debug|Any CPU
		{BCF0053C-8B6A-43B6-9E57-6C92A4DB2C3B}.Debug|Any CPU.Build.0 = Debug|Any CPU
		{BCF0053C-8B6A-43B6-9E57-6C92A4DB2C3B}.Release|Any CPU.ActiveCfg = Release|Any CPU
		{BCF0053C-8B6A-43B6-9E57-6C92A4DB2C3B}.Release|Any CPU.Build.0 = Release|Any CPU
		{59C3CD79-B291-4F05-B844-3801156EB4A1}.Debug|Any CPU.ActiveCfg = Debug|Any CPU
		{59C3CD79-B291-4F05-B844-3801156EB4A1}.Debug|Any CPU.Build.0 = Debug|Any CPU
		{59C3CD79-B291-4F05-B844-3801156EB4A1}.Release|Any CPU.ActiveCfg = Release|Any CPU
		{59C3CD79-B291-4F05-B844-3801156EB4A1}.Release|Any CPU.Build.0 = Release|Any CPU
	EndGlobalSection
EndGlobal
